
Microsoft Visual Studio Solution File, Format Version 12.00
# Visual Studio Version 16
VisualStudioVersion = 16.0.30413.136
MinimumVisualStudioVersion = 10.0.40219.1
Project("{FAE04EC0-301F-11D3-BF4B-00C04F79EFBC}") = "SS3_Lab07", "SS3_Lab07\SS3_Lab07.csproj", "{3E9764D9-C669-42C5-8904-B42A5C8E82B5}"
EndProject
Project("{FAE04EC0-301F-11D3-BF4B-00C04F79EFBC}") = "U41", "U41\U41.csproj", "{4E745B17-D516-46EA-BF01-74088A9C012A}"
EndProject
Global
	GlobalSection(SolutionConfigurationPlatforms) = preSolution
		Debug|ARM = Debug|ARM
		Debug|ARM64 = Debug|ARM64
		Debug|x64 = Debug|x64
		Debug|x86 = Debug|x86
		Release|ARM = Release|ARM
		Release|ARM64 = Release|ARM64
		Release|x64 = Release|x64
		Release|x86 = Release|x86
	EndGlobalSection
	GlobalSection(ProjectConfigurationPlatforms) = postSolution
		{3E9764D9-C669-42C5-8904-B42A5C8E82B5}.Debug|ARM.ActiveCfg = Debug|ARM
		{3E9764D9-C669-42C5-8904-B42A5C8E82B5}.Debug|ARM.Build.0 = Debug|ARM
		{3E9764D9-C669-42C5-8904-B42A5C8E82B5}.Debug|ARM.Deploy.0 = Debug|ARM
		{3E9764D9-C669-42C5-8904-B42A5C8E82B5}.Debug|ARM64.ActiveCfg = Debug|ARM64
		{3E9764D9-C669-42C5-8904-B42A5C8E82B5}.Debug|ARM64.Build.0 = Debug|ARM64
		{3E9764D9-C669-42C5-8904-B42A5C8E82B5}.Debug|ARM64.Deploy.0 = Debug|ARM64
		{3E9764D9-C669-42C5-8904-B42A5C8E82B5}.Debug|x64.ActiveCfg = Debug|x64
		{3E9764D9-C669-42C5-8904-B42A5C8E82B5}.Debug|x64.Build.0 = Debug|x64
		{3E9764D9-C669-42C5-8904-B42A5C8E82B5}.Debug|x64.Deploy.0 = Debug|x64
		{3E9764D9-C669-42C5-8904-B42A5C8E82B5}.Debug|x86.ActiveCfg = Debug|x86
		{3E9764D9-C669-42C5-8904-B42A5C8E82B5}.Debug|x86.Build.0 = Debug|x86
		{3E9764D9-C669-42C5-8904-B42A5C8E82B5}.Debug|x86.Deploy.0 = Debug|x86
		{3E9764D9-C669-42C5-8904-B42A5C8E82B5}.Release|ARM.ActiveCfg = Release|ARM
		{3E9764D9-C669-42C5-8904-B42A5C8E82B5}.Release|ARM.Build.0 = Release|ARM
		{3E9764D9-C669-42C5-8904-B42A5C8E82B5}.Release|ARM.Deploy.0 = Release|ARM
		{3E9764D9-C669-42C5-8904-B42A5C8E82B5}.Release|ARM64.ActiveCfg = Release|ARM64
		{3E9764D9-C669-42C5-8904-B42A5C8E82B5}.Release|ARM64.Build.0 = Release|ARM64
		{3E9764D9-C669-42C5-8904-B42A5C8E82B5}.Release|ARM64.Deploy.0 = Release|ARM64
		{3E9764D9-C669-42C5-8904-B42A5C8E82B5}.Release|x64.ActiveCfg = Release|x64
		{3E9764D9-C669-42C5-8904-B42A5C8E82B5}.Release|x64.Build.0 = Release|x64
		{3E9764D9-C669-42C5-8904-B42A5C8E82B5}.Release|x64.Deploy.0 = Release|x64
		{3E9764D9-C669-42C5-8904-B42A5C8E82B5}.Release|x86.ActiveCfg = Release|x86
		{3E9764D9-C669-42C5-8904-B42A5C8E82B5}.Release|x86.Build.0 = Release|x86
		{3E9764D9-C669-42C5-8904-B42A5C8E82B5}.Release|x86.Deploy.0 = Release|x86
		{4E745B17-D516-46EA-BF01-74088A9C012A}.Debug|ARM.ActiveCfg = Debug|ARM
		{4E745B17-D516-46EA-BF01-74088A9C012A}.Debug|ARM.Build.0 = Debug|ARM
		{4E745B17-D516-46EA-BF01-74088A9C012A}.Debug|ARM.Deploy.0 = Debug|ARM
		{4E745B17-D516-46EA-BF01-74088A9C012A}.Debug|ARM64.ActiveCfg = Debug|ARM64
		{4E745B17-D516-46EA-BF01-74088A9C012A}.Debug|ARM64.Build.0 = Debug|ARM64
		{4E745B17-D516-46EA-BF01-74088A9C012A}.Debug|ARM64.Deploy.0 = Debug|ARM64
		{4E745B17-D516-46EA-BF01-74088A9C012A}.Debug|x64.ActiveCfg = Debug|x64
		{4E745B17-D516-46EA-BF01-74088A9C012A}.Debug|x64.Build.0 = Debug|x64
		{4E745B17-D516-46EA-BF01-74088A9C012A}.Debug|x64.Deploy.0 = Debug|x64
		{4E745B17-D516-46EA-BF01-74088A9C012A}.Debug|x86.ActiveCfg = Debug|x86
		{4E745B17-D516-46EA-BF01-74088A9C012A}.Debug|x86.Build.0 = Debug|x86
		{4E745B17-D516-46EA-BF01-74088A9C012A}.Debug|x86.Deploy.0 = Debug|x86
		{4E745B17-D516-46EA-BF01-74088A9C012A}.Release|ARM.ActiveCfg = Release|ARM
		{4E745B17-D516-46EA-BF01-74088A9C012A}.Release|ARM.Build.0 = Release|ARM
		{4E745B17-D516-46EA-BF01-74088A9C012A}.Release|ARM.Deploy.0 = Release|ARM
		{4E745B17-D516-46EA-BF01-74088A9C012A}.Release|ARM64.ActiveCfg = Release|ARM64
		{4E745B17-D516-46EA-BF01-74088A9C012A}.Release|ARM64.Build.0 = Release|ARM64
		{4E745B17-D516-46EA-BF01-74088A9C012A}.Release|ARM64.Deploy.0 = Release|ARM64
		{4E745B17-D516-46EA-BF01-74088A9C012A}.Release|x64.ActiveCfg = Release|x64
		{4E745B17-D516-46EA-BF01-74088A9C012A}.Release|x64.Build.0 = Release|x64
		{4E745B17-D516-46EA-BF01-74088A9C012A}.Release|x64.Deploy.0 = Release|x64
		{4E745B17-D516-46EA-BF01-74088A9C012A}.Release|x86.ActiveCfg = Release|x86
		{4E745B17-D516-46EA-BF01-74088A9C012A}.Release|x86.Build.0 = Release|x86
		{4E745B17-D516-46EA-BF01-74088A9C012A}.Release|x86.Deploy.0 = Release|x86
	EndGlobalSection
	GlobalSection(SolutionProperties) = preSolution
		HideSolutionNode = FALSE
	EndGlobalSection
	GlobalSection(ExtensibilityGlobals) = postSolution
		SolutionGuid = {2FD35D6B-E628-4FD8-8D7D-648F3E70158F}
	EndGlobalSection
EndGlobal
